
Microsoft Visual Studio Solution File, Format Version 12.00
# Visual Studio Version 17
VisualStudioVersion = 17.4.33213.308
MinimumVisualStudioVersion = 10.0.40219.1
Project("{FAE04EC0-301F-11D3-BF4B-00C04F79EFBC}") = "UniversityAPI2", "UniversityAPI2\UniversityAPI2.csproj", "{AE75FCE1-06BE-45DB-BCC0-5D928607833E}"
EndProject
Global
	GlobalSection(SolutionConfigurationPlatforms) = preSolution
		Debug|Any CPU = Debug|Any CPU
		Release|Any CPU = Release|Any CPU
	EndGlobalSection
	GlobalSection(ProjectConfigurationPlatforms) = postSolution
		{AE75FCE1-06BE-45DB-BCC0-5D928607833E}.Debug|Any CPU.ActiveCfg = Debug|Any CPU
		{AE75FCE1-06BE-45DB-BCC0-5D928607833E}.Debug|Any CPU.Build.0 = Debug|Any CPU
		{AE75FCE1-06BE-45DB-BCC0-5D928607833E}.Release|Any CPU.ActiveCfg = Release|Any CPU
		{AE75FCE1-06BE-45DB-BCC0-5D928607833E}.Release|Any CPU.Build.0 = Release|Any CPU
	EndGlobalSection
	GlobalSection(SolutionProperties) = preSolution
		HideSolutionNode = FALSE
	EndGlobalSection
	GlobalSection(ExtensibilityGlobals) = postSolution
		SolutionGuid = {5097BE90-E7CB-4B10-9E54-86EA79D616A4}
	EndGlobalSection
EndGlobal
